<?xml version="1.0" encoding="UTF-8" standalone="yes" ?>
<CodeBlocks_project_file>
	<FileVersion major="1" minor="6" />
	<Project>
		<Option title="BoskeopolisLand" />
		<Option pch_mode="2" />
		<Option compiler="gcc" />
		<Build>
			<Target title="Debug">
				<Option output="bin/Debug/BoskeopolisLand" prefix_auto="1" extension_auto="1" />
				<Option object_output="obj/Debug/" />
				<Option type="1" />
				<Option compiler="gcc" />
				<Compiler>
					<Add option="-Wnon-virtual-dtor" />
					<Add option="-Wshadow" />
					<Add option="-Winit-self" />
					<Add option="-Wredundant-decls" />
					<Add option="-Wcast-align" />
					<Add option="-Wfloat-equal" />
					<Add option="-Wunreachable-code" />
					<Add option="-Wmissing-declarations" />
					<Add option="-Wmissing-include-dirs" />
					<Add option="-Wswitch-enum" />
					<Add option="-Wswitch-default" />
					<Add option="-Weffc++" />
					<Add option="-Wzero-as-null-pointer-constant" />
					<Add option="-Wmain" />
					<Add option="-Wfatal-errors" />
					<Add option="-Wextra" />
					<Add option="-Wall" />
					<Add option="-std=c++14" />
					<Add option="-pg" />
					<Add option="-g" />
					<Add directory="block_components" />
					<Add directory="block_conditions" />
					<Add directory="goals" />
					<Add directory="inventory" />
				</Compiler>
				<Linker>
					<Add option="-pg" />
				</Linker>
			</Target>
			<Target title="Release">
				<Option output="bin/Release/BoskeopolisLand" prefix_auto="1" extension_auto="1" />
				<Option object_output="obj/Release/" />
				<Option type="1" />
				<Option compiler="gcc" />
				<Compiler>
					<Add option="-pg" />
					<Add option="-g" />
				</Compiler>
				<Linker>
					<Add option="-pg" />
				</Linker>
			</Target>
		</Build>
		<Compiler>
			<Add option="-Wnon-virtual-dtor" />
			<Add option="-Wshadow" />
			<Add option="-Winit-self" />
			<Add option="-Wredundant-decls" />
			<Add option="-Wcast-align" />
			<Add option="-Wundef" />
			<Add option="-Wfloat-equal" />
			<Add option="-Winline" />
			<Add option="-Wunreachable-code" />
			<Add option="-Wmissing-declarations" />
			<Add option="-Wmissing-include-dirs" />
			<Add option="-Wswitch-enum" />
			<Add option="-Wswitch-default" />
			<Add option="-Weffc++" />
			<Add option="-Wmain" />
			<Add option="-Wfatal-errors" />
			<Add option="-Wextra" />
			<Add option="-Wall" />
			<Add option="-std=c++14" />
			<Add option="-g" />
			<Add directory="graphics" />
			<Add directory="timers" />
			<Add directory="states" />
			<Add directory="sprites" />
			<Add directory="sprite_components" />
			<Add directory="sprite_movement" />
			<Add directory="text" />
			<Add directory="goals" />
			<Add directory="block_conditions" />
			<Add directory="block_components" />
			<Add directory="../boskeopolis-land" />
			<Add directory="levels" />
			<Add directory="inventory" />
		</Compiler>
		<Linker>
			<Add option="-lSDL2" />
			<Add option="-lSDL2_image" />
		</Linker>
		<Unit filename="block.cpp" />
		<Unit filename="block.h" />
		<Unit filename="block_components/block_component.cpp" />
		<Unit filename="block_components/block_component.h" />
		<Unit filename="block_components/block_component_bouncy.cpp" />
		<Unit filename="block_components/block_component_bouncy.h" />
		<Unit filename="block_components/block_component_change_block.cpp" />
		<Unit filename="block_components/block_component_change_block.h" />
		<Unit filename="block_components/block_component_change_direction.cpp" />
		<Unit filename="block_components/block_component_change_direction.h" />
		<Unit filename="block_components/block_component_change_palette.cpp" />
		<Unit filename="block_components/block_component_change_palette.h" />
		<Unit filename="block_components/block_component_climbable.cpp" />
		<Unit filename="block_components/block_component_climbable.h" />
		<Unit filename="block_components/block_component_conveyor.cpp" />
		<Unit filename="block_components/block_component_conveyor.h" />
		<Unit filename="block_components/block_component_diamond.cpp" />
		<Unit filename="block_components/block_component_diamond.h" />
		<Unit filename="block_components/block_component_dropping.cpp" />
		<Unit filename="block_components/block_component_dropping.h" />
		<Unit filename="block_components/block_component_goal.cpp" />
		<Unit filename="block_components/block_component_goal.h" />
		<Unit filename="block_components/block_component_heal.cpp" />
		<Unit filename="block_components/block_component_heal.h" />
		<Unit filename="block_components/block_component_high_slope_left.cpp" />
		<Unit filename="block_components/block_component_high_slope_left.h" />
		<Unit filename="block_components/block_component_high_slope_right.cpp" />
		<Unit filename="block_components/block_component_high_slope_right.h" />
		<Unit filename="block_components/block_component_hurt.cpp" />
		<Unit filename="block_components/block_component_hurt.h" />
		<Unit filename="block_components/block_component_key.cpp" />
		<Unit filename="block_components/block_component_key.h" />
		<Unit filename="block_components/block_component_lose.cpp" />
		<Unit filename="block_components/block_component_lose.h" />
		<Unit filename="block_components/block_component_low_slope_left.cpp" />
		<Unit filename="block_components/block_component_low_slope_left.h" />
		<Unit filename="block_components/block_component_low_slope_left.h/" />
		<Unit filename="block_components/block_component_low_slope_right.cpp" />
		<Unit filename="block_components/block_component_low_slope_right.h" />
		<Unit filename="block_components/block_component_message.cpp" />
		<Unit filename="block_components/block_component_message.h" />
		<Unit filename="block_components/block_component_money.cpp" />
		<Unit filename="block_components/block_component_money.h" />
		<Unit filename="block_components/block_component_single_use.cpp" />
		<Unit filename="block_components/block_component_single_use.h" />
		<Unit filename="block_components/block_component_solid.cpp" />
		<Unit filename="block_components/block_component_solid.h" />
		<Unit filename="block_components/block_component_swimmable.cpp" />
		<Unit filename="block_components/block_component_swimmable.h" />
		<Unit filename="block_components/block_component_switch.cpp" />
		<Unit filename="block_components/block_component_switch.h" />
		<Unit filename="block_components/block_component_switch_flip.cpp" />
		<Unit filename="block_components/block_component_switch_flip.h" />
		<Unit filename="block_components/block_component_warp.cpp" />
		<Unit filename="block_components/block_component_warp.h" />
		<Unit filename="block_conditions/block_condition.cpp" />
		<Unit filename="block_conditions/block_condition.h" />
		<Unit filename="block_conditions/block_condition_collide_any.cpp" />
		<Unit filename="block_conditions/block_condition_collide_any.h" />
		<Unit filename="block_conditions/block_condition_collide_bottom.cpp" />
		<Unit filename="block_conditions/block_condition_collide_bottom.h" />
		<Unit filename="block_conditions/block_condition_collide_left.cpp" />
		<Unit filename="block_conditions/block_condition_collide_left.h" />
		<Unit filename="block_conditions/block_condition_collide_right.cpp" />
		<Unit filename="block_conditions/block_condition_collide_right.h" />
		<Unit filename="block_conditions/block_condition_collide_top.cpp" />
		<Unit filename="block_conditions/block_condition_collide_top.h" />
		<Unit filename="block_conditions/block_condition_enemy.cpp" />
		<Unit filename="block_conditions/block_condition_enemy.h" />
		<Unit filename="block_conditions/block_condition_hero.cpp" />
		<Unit filename="block_conditions/block_condition_hero.h" />
		<Unit filename="block_conditions/block_condition_key.cpp" />
		<Unit filename="block_conditions/block_condition_key.h" />
		<Unit filename="block_conditions/block_condition_not_ducking.cpp" />
		<Unit filename="block_conditions/block_condition_not_ducking.h" />
		<Unit filename="block_conditions/block_condition_rival.cpp" />
		<Unit filename="block_conditions/block_condition_rival.h" />
		<Unit filename="block_system.cpp" />
		<Unit filename="block_system.h" />
		<Unit filename="block_type.cpp" />
		<Unit filename="block_type.h" />
		<Unit filename="bosk_sdl2.h" />
		<Unit filename="camera.cpp" />
		<Unit filename="camera.h" />
		<Unit filename="clock.cpp" />
		<Unit filename="clock.h" />
		<Unit filename="collision.h" />
		<Unit filename="counter.cpp" />
		<Unit filename="counter.h" />
		<Unit filename="direction.h" />
		<Unit filename="event_system.cpp" />
		<Unit filename="event_system.h" />
		<Unit filename="game.cpp" />
		<Unit filename="game.h" />
		<Unit filename="goals/avoid_money_goal.cpp" />
		<Unit filename="goals/avoid_money_goal.h" />
		<Unit filename="goals/collect_goal.cpp" />
		<Unit filename="goals/collect_goal.h" />
		<Unit filename="goals/do_nothing_goal.cpp" />
		<Unit filename="goals/do_nothing_goal.h" />
		<Unit filename="goals/goal.cpp" />
		<Unit filename="goals/goal.h" />
		<Unit filename="goals/starving_goal.cpp" />
		<Unit filename="goals/starving_goal.h" />
		<Unit filename="goals/timed_goal.cpp" />
		<Unit filename="goals/timed_goal.h" />
		<Unit filename="goals/windy_goal.cpp" />
		<Unit filename="goals/windy_goal.h" />
		<Unit filename="graphics/animated_graphics.cpp" />
		<Unit filename="graphics/animated_graphics.h" />
		<Unit filename="graphics/graphics.cpp" />
		<Unit filename="graphics/graphics.h" />
		<Unit filename="graphics/guard_graphics.cpp" />
		<Unit filename="graphics/guard_graphics.h" />
		<Unit filename="graphics/hydrant_graphics.cpp" />
		<Unit filename="graphics/hydrant_graphics.h" />
		<Unit filename="graphics/penguin_graphics.cpp" />
		<Unit filename="graphics/penguin_graphics.h" />
		<Unit filename="graphics/player_graphics.cpp" />
		<Unit filename="graphics/player_graphics.h" />
		<Unit filename="graphics/pufferbee_graphics.cpp" />
		<Unit filename="graphics/pufferbee_graphics.h" />
		<Unit filename="graphics/rope_graphics.cpp" />
		<Unit filename="graphics/rope_graphics.h" />
		<Unit filename="graphics/rotating_graphics.cpp" />
		<Unit filename="graphics/rotating_graphics.h" />
		<Unit filename="graphics/saw_graphics.cpp" />
		<Unit filename="graphics/saw_graphics.h" />
		<Unit filename="graphics/sewer_monster_graphics.cpp" />
		<Unit filename="graphics/sewer_monster_graphics.h" />
		<Unit filename="graphics/sillyfish_graphics.cpp" />
		<Unit filename="graphics/sillyfish_graphics.h" />
		<Unit filename="graphics/sprite_graphics.cpp" />
		<Unit filename="graphics/sprite_graphics.h" />
		<Unit filename="graphics/switch_graphics.cpp" />
		<Unit filename="graphics/switch_graphics.h" />
		<Unit filename="input.cpp" />
		<Unit filename="input.h" />
		<Unit filename="inventory/inventory.cpp" />
		<Unit filename="inventory/inventory.h" />
		<Unit filename="inventory/inventory_level.cpp" />
		<Unit filename="inventory/inventory_level.h" />
		<Unit filename="levels/level.cpp" />
		<Unit filename="levels/level.h" />
		<Unit filename="levels/map.cpp" />
		<Unit filename="levels/map.h" />
		<Unit filename="levels/map_layer.h" />
		<Unit filename="levels/map_layer_constellation.cpp" />
		<Unit filename="levels/map_layer_constellation.h" />
		<Unit filename="levels/map_layer_image.cpp" />
		<Unit filename="levels/map_layer_image.h" />
		<Unit filename="main.cpp" />
		<Unit filename="mezun_math.h" />
		<Unit filename="object.cpp" />
		<Unit filename="object.h" />
		<Unit filename="palette.cpp" />
		<Unit filename="palette.h" />
		<Unit filename="sprite_components/input_component.h" />
		<Unit filename="sprite_components/input_component_player.cpp" />
		<Unit filename="sprite_components/input_component_player.h" />
		<Unit filename="sprite_components/input_component_sequence.cpp" />
		<Unit filename="sprite_components/input_component_sequence.h" />
		<Unit filename="sprite_components/sprite_component.cpp" />
		<Unit filename="sprite_components/sprite_component.h" />
		<Unit filename="sprite_components/sprite_component_circle.cpp" />
		<Unit filename="sprite_components/sprite_component_circle.h" />
		<Unit filename="sprite_components/sprite_component_right_and_left.cpp" />
		<Unit filename="sprite_components/sprite_component_right_and_left.h" />
		<Unit filename="sprite_components/sprite_component_up_and_down.cpp" />
		<Unit filename="sprite_components/sprite_component_up_and_down.h" />
		<Unit filename="sprite_movement/fluttering_sprite_movement.cpp" />
		<Unit filename="sprite_movement/fluttering_sprite_movement.h" />
		<Unit filename="sprite_movement/grounded_sprite_movement.cpp" />
		<Unit filename="sprite_movement/grounded_sprite_movement.h" />
		<Unit filename="sprite_movement/sprite_movement.cpp" />
		<Unit filename="sprite_movement/sprite_movement.h" />
		<Unit filename="sprite_movement/swimming_sprite_movement.cpp" />
		<Unit filename="sprite_movement/swimming_sprite_movement.h" />
		<Unit filename="sprite_system.cpp" />
		<Unit filename="sprite_system.h" />
		<Unit filename="sprites/bad_apple_sprite.cpp" />
		<Unit filename="sprites/bad_apple_sprite.h" />
		<Unit filename="sprites/buzz_saw_sprite.cpp" />
		<Unit filename="sprites/buzz_saw_sprite.h" />
		<Unit filename="sprites/cloud_platform_sprite.cpp" />
		<Unit filename="sprites/cloud_platform_sprite.h" />
		<Unit filename="sprites/eggnon_sprite.cpp" />
		<Unit filename="sprites/eggnon_sprite.h" />
		<Unit filename="sprites/enemy_cart_sprite.cpp" />
		<Unit filename="sprites/enemy_cart_sprite.h" />
		<Unit filename="sprites/falling_bough_sprite.cpp" />
		<Unit filename="sprites/falling_bough_sprite.h" />
		<Unit filename="sprites/fishstick_sprite.cpp" />
		<Unit filename="sprites/fishstick_sprite.h" />
		<Unit filename="sprites/guard_sprite.cpp" />
		<Unit filename="sprites/guard_sprite.h" />
		<Unit filename="sprites/handgun_sprite.cpp" />
		<Unit filename="sprites/handgun_sprite.h" />
		<Unit filename="sprites/hydrant_sprite.cpp" />
		<Unit filename="sprites/hydrant_sprite.h" />
		<Unit filename="sprites/iceblock_sprite.cpp" />
		<Unit filename="sprites/iceblock_sprite.h" />
		<Unit filename="sprites/icecube_sprite.cpp" />
		<Unit filename="sprites/icecube_sprite.h" />
		<Unit filename="sprites/overworld_player_sprite.cpp" />
		<Unit filename="sprites/overworld_player_sprite.h" />
		<Unit filename="sprites/penguin_sprite.cpp" />
		<Unit filename="sprites/penguin_sprite.h" />
		<Unit filename="sprites/platform_sprite.cpp" />
		<Unit filename="sprites/platform_sprite.h" />
		<Unit filename="sprites/player_cart_sprite.cpp" />
		<Unit filename="sprites/player_cart_sprite.h" />
		<Unit filename="sprites/player_sprite.cpp" />
		<Unit filename="sprites/player_sprite.h" />
		<Unit filename="sprites/player_sprite_fluttering.cpp" />
		<Unit filename="sprites/player_sprite_fluttering.h" />
		<Unit filename="sprites/pufferbee_sprite.cpp" />
		<Unit filename="sprites/pufferbee_sprite.h" />
		<Unit filename="sprites/racer_sprite.cpp" />
		<Unit filename="sprites/racer_sprite.h" />
		<Unit filename="sprites/rope_sprite.cpp" />
		<Unit filename="sprites/rope_sprite.h" />
		<Unit filename="sprites/saw_sprite.cpp" />
		<Unit filename="sprites/saw_sprite.h" />
		<Unit filename="sprites/sewer_monster_sprite.cpp" />
		<Unit filename="sprites/sewer_monster_sprite.h" />
		<Unit filename="sprites/sillyfish_sprite.cpp" />
		<Unit filename="sprites/sillyfish_sprite.h" />
		<Unit filename="sprites/spike_egg_sprite.cpp" />
		<Unit filename="sprites/spike_egg_sprite.h" />
		<Unit filename="sprites/spiky_fruit_sprite.cpp" />
		<Unit filename="sprites/spiky_fruit_sprite.h" />
		<Unit filename="sprites/sprite.cpp" />
		<Unit filename="sprites/sprite.h" />
		<Unit filename="sprites/sprite_status.cpp" />
		<Unit filename="sprites/sprite_status.h" />
		<Unit filename="states/game_state.cpp" />
		<Unit filename="states/game_state.h" />
		<Unit filename="states/level_message_state.cpp" />
		<Unit filename="states/level_message_state.h" />
		<Unit filename="states/level_select_state.cpp" />
		<Unit filename="states/level_select_state.h" />
		<Unit filename="states/level_state.cpp" />
		<Unit filename="states/level_state.h" />
		<Unit filename="states/message_state.cpp" />
		<Unit filename="states/message_state.h" />
		<Unit filename="states/pause_state.cpp" />
		<Unit filename="states/pause_state.h" />
		<Unit filename="states/title_state.cpp" />
		<Unit filename="states/title_state.h" />
		<Unit filename="text/text.cpp" />
		<Unit filename="text/text.h" />
		<Unit filename="text/text_component.cpp" />
		<Unit filename="text/text_component.h" />
		<Unit filename="text/text_component_marquee.cpp" />
		<Unit filename="text/text_component_marquee.h" />
		<Unit filename="timers/timer.cpp" />
		<Unit filename="timers/timer.h" />
		<Unit filename="timers/timer_repeat.cpp" />
		<Unit filename="timers/timer_repeat.h" />
		<Unit filename="timers/timer_simple.cpp" />
		<Unit filename="timers/timer_simple.h" />
		<Unit filename="timers/timer_switch.cpp" />
		<Unit filename="timers/timer_switch.h" />
		<Unit filename="unit.h" />
		<Unit filename="warp.h" />
		<Unit filename="water_effect.cpp" />
		<Unit filename="water_effect.h" />
		<Extensions>
			<code_completion />
			<debugger />
		</Extensions>
	</Project>
</CodeBlocks_project_file>
